// !$*UTF8*$!
{
	archiveVersion = 1;
	classes = {
	};
	objectVersion = 48;
	objects = {

/* Begin PBXBuildFile section */
		AADD9F74202652F500DF7C72 /* AppDelegate.swift in Sources */ = {isa = PBXBuildFile; fileRef = AADD9F73202652F500DF7C72 /* AppDelegate.swift */; };
		AADD9F76202652F500DF7C72 /* ViewController.swift in Sources */ = {isa = PBXBuildFile; fileRef = AADD9F75202652F500DF7C72 /* ViewController.swift */; };
		AADD9F78202652F500DF7C72 /* Assets.xcassets in Resources */ = {isa = PBXBuildFile; fileRef = AADD9F77202652F500DF7C72 /* Assets.xcassets */; };
		AADD9F7B202652F600DF7C72 /* Main.storyboard in Resources */ = {isa = PBXBuildFile; fileRef = AADD9F79202652F600DF7C72 /* Main.storyboard */; };
		AADD9F87202652F600DF7C72 /* SwiftMetaCoderTests.swift in Sources */ = {isa = PBXBuildFile; fileRef = AADD9F86202652F600DF7C72 /* SwiftMetaCoderTests.swift */; };
		AADD9F92202652F600DF7C72 /* SwiftMetaCoderUITests.swift in Sources */ = {isa = PBXBuildFile; fileRef = AADD9F91202652F600DF7C72 /* SwiftMetaCoderUITests.swift */; };
		BFF53274D13B7DAB3EB9AE92 /* Pods_SwiftMetaCoderTests.framework in Frameworks */ = {isa = PBXBuildFile; fileRef = EBB75E99512188AB52590540 /* Pods_SwiftMetaCoderTests.framework */; };
		DC39377A3233B49339F6DA21 /* Pods_SwiftMetaCoderUITests.framework in Frameworks */ = {isa = PBXBuildFile; fileRef = 08D695E7177806D38B81EC02 /* Pods_SwiftMetaCoderUITests.framework */; };
		E850D40902404E41497CD8CA /* Pods_SwiftMetaCoder.framework in Frameworks */ = {isa = PBXBuildFile; fileRef = BCE0A7774D01E8068528A6F7 /* Pods_SwiftMetaCoder.framework */; };
/* End PBXBuildFile section */

/* Begin PBXContainerItemProxy section */
		AADD9F83202652F600DF7C72 /* PBXContainerItemProxy */ = {
			isa = PBXContainerItemProxy;
			containerPortal = AADD9F68202652F500DF7C72 /* Project object */;
			proxyType = 1;
			remoteGlobalIDString = AADD9F6F202652F500DF7C72;
			remoteInfo = SwiftMetaCoder;
		};
		AADD9F8E202652F600DF7C72 /* PBXContainerItemProxy */ = {
			isa = PBXContainerItemProxy;
			containerPortal = AADD9F68202652F500DF7C72 /* Project object */;
			proxyType = 1;
			remoteGlobalIDString = AADD9F6F202652F500DF7C72;
			remoteInfo = SwiftMetaCoder;
		};
/* End PBXContainerItemProxy section */

/* Begin PBXFileReference section */
		06B9D6E488E517ADE320452C /* Pods-SwiftMetaCoder.debug.xcconfig */ = {isa = PBXFileReference; includeInIndex = 1; lastKnownFileType = text.xcconfig; name = "Pods-SwiftMetaCoder.debug.xcconfig"; path = "Pods/Target Support Files/Pods-SwiftMetaCoder/Pods-SwiftMetaCoder.debug.xcconfig"; sourceTree = "<group>"; };
		08D695E7177806D38B81EC02 /* Pods_SwiftMetaCoderUITests.framework */ = {isa = PBXFileReference; explicitFileType = wrapper.framework; includeInIndex = 0; path = Pods_SwiftMetaCoderUITests.framework; sourceTree = BUILT_PRODUCTS_DIR; };
		947F7540E18BB2E073D1D0B4 /* Pods-SwiftMetaCoder.release.xcconfig */ = {isa = PBXFileReference; includeInIndex = 1; lastKnownFileType = text.xcconfig; name = "Pods-SwiftMetaCoder.release.xcconfig"; path = "Pods/Target Support Files/Pods-SwiftMetaCoder/Pods-SwiftMetaCoder.release.xcconfig"; sourceTree = "<group>"; };
		9F7EB37FDFF354A65D8A80B7 /* Pods-SwiftMetaCoderTests.debug.xcconfig */ = {isa = PBXFileReference; includeInIndex = 1; lastKnownFileType = text.xcconfig; name = "Pods-SwiftMetaCoderTests.debug.xcconfig"; path = "Pods/Target Support Files/Pods-SwiftMetaCoderTests/Pods-SwiftMetaCoderTests.debug.xcconfig"; sourceTree = "<group>"; };
		AADD9F70202652F500DF7C72 /* SwiftMetaCoder.app */ = {isa = PBXFileReference; explicitFileType = wrapper.application; includeInIndex = 0; path = SwiftMetaCoder.app; sourceTree = BUILT_PRODUCTS_DIR; };
		AADD9F73202652F500DF7C72 /* AppDelegate.swift */ = {isa = PBXFileReference; lastKnownFileType = sourcecode.swift; path = AppDelegate.swift; sourceTree = "<group>"; };
		AADD9F75202652F500DF7C72 /* ViewController.swift */ = {isa = PBXFileReference; lastKnownFileType = sourcecode.swift; path = ViewController.swift; sourceTree = "<group>"; };
		AADD9F77202652F500DF7C72 /* Assets.xcassets */ = {isa = PBXFileReference; lastKnownFileType = folder.assetcatalog; path = Assets.xcassets; sourceTree = "<group>"; };
		AADD9F7A202652F600DF7C72 /* Base */ = {isa = PBXFileReference; lastKnownFileType = file.storyboard; name = Base; path = Base.lproj/Main.storyboard; sourceTree = "<group>"; };
		AADD9F7C202652F600DF7C72 /* Info.plist */ = {isa = PBXFileReference; lastKnownFileType = text.plist.xml; path = Info.plist; sourceTree = "<group>"; };
		AADD9F7D202652F600DF7C72 /* SwiftMetaCoder.entitlements */ = {isa = PBXFileReference; lastKnownFileType = text.plist.entitlements; path = SwiftMetaCoder.entitlements; sourceTree = "<group>"; };
		AADD9F82202652F600DF7C72 /* SwiftMetaCoderTests.xctest */ = {isa = PBXFileReference; explicitFileType = wrapper.cfbundle; includeInIndex = 0; path = SwiftMetaCoderTests.xctest; sourceTree = BUILT_PRODUCTS_DIR; };
		AADD9F86202652F600DF7C72 /* SwiftMetaCoderTests.swift */ = {isa = PBXFileReference; lastKnownFileType = sourcecode.swift; path = SwiftMetaCoderTests.swift; sourceTree = "<group>"; };
		AADD9F88202652F600DF7C72 /* Info.plist */ = {isa = PBXFileReference; lastKnownFileType = text.plist.xml; path = Info.plist; sourceTree = "<group>"; };
		AADD9F8D202652F600DF7C72 /* SwiftMetaCoderUITests.xctest */ = {isa = PBXFileReference; explicitFileType = wrapper.cfbundle; includeInIndex = 0; path = SwiftMetaCoderUITests.xctest; sourceTree = BUILT_PRODUCTS_DIR; };
		AADD9F91202652F600DF7C72 /* SwiftMetaCoderUITests.swift */ = {isa = PBXFileReference; lastKnownFileType = sourcecode.swift; path = SwiftMetaCoderUITests.swift; sourceTree = "<group>"; };
		AADD9F93202652F600DF7C72 /* Info.plist */ = {isa = PBXFileReference; lastKnownFileType = text.plist.xml; path = Info.plist; sourceTree = "<group>"; };
		B36C0FA30E9A40933292CAB1 /* Pods-SwiftMetaCoderTests.release.xcconfig */ = {isa = PBXFileReference; includeInIndex = 1; lastKnownFileType = text.xcconfig; name = "Pods-SwiftMetaCoderTests.release.xcconfig"; path = "Pods/Target Support Files/Pods-SwiftMetaCoderTests/Pods-SwiftMetaCoderTests.release.xcconfig"; sourceTree = "<group>"; };
		BCE0A7774D01E8068528A6F7 /* Pods_SwiftMetaCoder.framework */ = {isa = PBXFileReference; explicitFileType = wrapper.framework; includeInIndex = 0; path = Pods_SwiftMetaCoder.framework; sourceTree = BUILT_PRODUCTS_DIR; };
		BE0C401E5EBFE78D8DBBF5AB /* Pods-SwiftMetaCoderUITests.release.xcconfig */ = {isa = PBXFileReference; includeInIndex = 1; lastKnownFileType = text.xcconfig; name = "Pods-SwiftMetaCoderUITests.release.xcconfig"; path = "Pods/Target Support Files/Pods-SwiftMetaCoderUITests/Pods-SwiftMetaCoderUITests.release.xcconfig"; sourceTree = "<group>"; };
		D478D6166874B8A98733E44C /* Pods-SwiftMetaCoderUITests.debug.xcconfig */ = {isa = PBXFileReference; includeInIndex = 1; lastKnownFileType = text.xcconfig; name = "Pods-SwiftMetaCoderUITests.debug.xcconfig"; path = "Pods/Target Support Files/Pods-SwiftMetaCoderUITests/Pods-SwiftMetaCoderUITests.debug.xcconfig"; sourceTree = "<group>"; };
		EBB75E99512188AB52590540 /* Pods_SwiftMetaCoderTests.framework */ = {isa = PBXFileReference; explicitFileType = wrapper.framework; includeInIndex = 0; path = Pods_SwiftMetaCoderTests.framework; sourceTree = BUILT_PRODUCTS_DIR; };
/* End PBXFileReference section */

/* Begin PBXFrameworksBuildPhase section */
		AADD9F6D202652F500DF7C72 /* Frameworks */ = {
			isa = PBXFrameworksBuildPhase;
			buildActionMask = 2147483647;
			files = (
				E850D40902404E41497CD8CA /* Pods_SwiftMetaCoder.framework in Frameworks */,
			);
			runOnlyForDeploymentPostprocessing = 0;
		};
		AADD9F7F202652F600DF7C72 /* Frameworks */ = {
			isa = PBXFrameworksBuildPhase;
			buildActionMask = 2147483647;
			files = (
				BFF53274D13B7DAB3EB9AE92 /* Pods_SwiftMetaCoderTests.framework in Frameworks */,
			);
			runOnlyForDeploymentPostprocessing = 0;
		};
		AADD9F8A202652F600DF7C72 /* Frameworks */ = {
			isa = PBXFrameworksBuildPhase;
			buildActionMask = 2147483647;
			files = (
				DC39377A3233B49339F6DA21 /* Pods_SwiftMetaCoderUITests.framework in Frameworks */,
			);
			runOnlyForDeploymentPostprocessing = 0;
		};
/* End PBXFrameworksBuildPhase section */

/* Begin PBXGroup section */
		4EEB59705C469F9CDF3CBEDB /* Frameworks */ = {
			isa = PBXGroup;
			children = (
				BCE0A7774D01E8068528A6F7 /* Pods_SwiftMetaCoder.framework */,
				EBB75E99512188AB52590540 /* Pods_SwiftMetaCoderTests.framework */,
				08D695E7177806D38B81EC02 /* Pods_SwiftMetaCoderUITests.framework */,
			);
			name = Frameworks;
			sourceTree = "<group>";
		};
		AADD9F67202652F500DF7C72 = {
			isa = PBXGroup;
			children = (
				AADD9F72202652F500DF7C72 /* SwiftMetaCoder */,
				AADD9F85202652F600DF7C72 /* SwiftMetaCoderTests */,
				AADD9F90202652F600DF7C72 /* SwiftMetaCoderUITests */,
				AADD9F71202652F500DF7C72 /* Products */,
				ECC7F4DA1257E995EFFB39B4 /* Pods */,
				4EEB59705C469F9CDF3CBEDB /* Frameworks */,
			);
			sourceTree = "<group>";
		};
		AADD9F71202652F500DF7C72 /* Products */ = {
			isa = PBXGroup;
			children = (
				AADD9F70202652F500DF7C72 /* SwiftMetaCoder.app */,
				AADD9F82202652F600DF7C72 /* SwiftMetaCoderTests.xctest */,
				AADD9F8D202652F600DF7C72 /* SwiftMetaCoderUITests.xctest */,
			);
			name = Products;
			sourceTree = "<group>";
		};
		AADD9F72202652F500DF7C72 /* SwiftMetaCoder */ = {
			isa = PBXGroup;
			children = (
				AADD9F73202652F500DF7C72 /* AppDelegate.swift */,
				AADD9F75202652F500DF7C72 /* ViewController.swift */,
				AADD9F77202652F500DF7C72 /* Assets.xcassets */,
				AADD9F79202652F600DF7C72 /* Main.storyboard */,
				AADD9F7C202652F600DF7C72 /* Info.plist */,
				AADD9F7D202652F600DF7C72 /* SwiftMetaCoder.entitlements */,
			);
			path = SwiftMetaCoder;
			sourceTree = "<group>";
		};
		AADD9F85202652F600DF7C72 /* SwiftMetaCoderTests */ = {
			isa = PBXGroup;
			children = (
				AADD9F86202652F600DF7C72 /* SwiftMetaCoderTests.swift */,
				AADD9F88202652F600DF7C72 /* Info.plist */,
			);
			path = SwiftMetaCoderTests;
			sourceTree = "<group>";
		};
		AADD9F90202652F600DF7C72 /* SwiftMetaCoderUITests */ = {
			isa = PBXGroup;
			children = (
				AADD9F91202652F600DF7C72 /* SwiftMetaCoderUITests.swift */,
				AADD9F93202652F600DF7C72 /* Info.plist */,
			);
			path = SwiftMetaCoderUITests;
			sourceTree = "<group>";
		};
		ECC7F4DA1257E995EFFB39B4 /* Pods */ = {
			isa = PBXGroup;
			children = (
				06B9D6E488E517ADE320452C /* Pods-SwiftMetaCoder.debug.xcconfig */,
				947F7540E18BB2E073D1D0B4 /* Pods-SwiftMetaCoder.release.xcconfig */,
				9F7EB37FDFF354A65D8A80B7 /* Pods-SwiftMetaCoderTests.debug.xcconfig */,
				B36C0FA30E9A40933292CAB1 /* Pods-SwiftMetaCoderTests.release.xcconfig */,
				D478D6166874B8A98733E44C /* Pods-SwiftMetaCoderUITests.debug.xcconfig */,
				BE0C401E5EBFE78D8DBBF5AB /* Pods-SwiftMetaCoderUITests.release.xcconfig */,
			);
			name = Pods;
			sourceTree = "<group>";
		};
/* End PBXGroup section */

/* Begin PBXNativeTarget section */
		AADD9F6F202652F500DF7C72 /* SwiftMetaCoder */ = {
			isa = PBXNativeTarget;
			buildConfigurationList = AADD9F96202652F600DF7C72 /* Build configuration list for PBXNativeTarget "SwiftMetaCoder" */;
			buildPhases = (
				F1A29A346772236D502BB6E0 /* [CP] Check Pods Manifest.lock */,
				AADD9F6C202652F500DF7C72 /* Sources */,
				AADD9F6D202652F500DF7C72 /* Frameworks */,
				AADD9F6E202652F500DF7C72 /* Resources */,
				4F6FE5365D98958EFADD0B30 /* [CP] Embed Pods Frameworks */,
				F08DE874998303AD1B78B60A /* [CP] Copy Pods Resources */,
			);
			buildRules = (
			);
			dependencies = (
			);
			name = SwiftMetaCoder;
			productName = SwiftMetaCoder;
			productReference = AADD9F70202652F500DF7C72 /* SwiftMetaCoder.app */;
			productType = "com.apple.product-type.application";
		};
		AADD9F81202652F600DF7C72 /* SwiftMetaCoderTests */ = {
			isa = PBXNativeTarget;
			buildConfigurationList = AADD9F99202652F600DF7C72 /* Build configuration list for PBXNativeTarget "SwiftMetaCoderTests" */;
			buildPhases = (
				A19F77CC0D27C42D8D40941A /* [CP] Check Pods Manifest.lock */,
				AADD9F7E202652F600DF7C72 /* Sources */,
				AADD9F7F202652F600DF7C72 /* Frameworks */,
				AADD9F80202652F600DF7C72 /* Resources */,
				B142FF62A90E8D3D4247357E /* [CP] Embed Pods Frameworks */,
				0A88A95ED0D94552AD03DDCD /* [CP] Copy Pods Resources */,
			);
			buildRules = (
			);
			dependencies = (
				AADD9F84202652F600DF7C72 /* PBXTargetDependency */,
			);
			name = SwiftMetaCoderTests;
			productName = SwiftMetaCoderTests;
			productReference = AADD9F82202652F600DF7C72 /* SwiftMetaCoderTests.xctest */;
			productType = "com.apple.product-type.bundle.unit-test";
		};
		AADD9F8C202652F600DF7C72 /* SwiftMetaCoderUITests */ = {
			isa = PBXNativeTarget;
			buildConfigurationList = AADD9F9C202652F600DF7C72 /* Build configuration list for PBXNativeTarget "SwiftMetaCoderUITests" */;
			buildPhases = (
				F4A7467317D1A93AB3C54F5C /* [CP] Check Pods Manifest.lock */,
				AADD9F89202652F600DF7C72 /* Sources */,
				AADD9F8A202652F600DF7C72 /* Frameworks */,
				AADD9F8B202652F600DF7C72 /* Resources */,
				273D2375C35385C67C842DB6 /* [CP] Embed Pods Frameworks */,
				927FFA929DAAF5B44457DDEE /* [CP] Copy Pods Resources */,
			);
			buildRules = (
			);
			dependencies = (
				AADD9F8F202652F600DF7C72 /* PBXTargetDependency */,
			);
			name = SwiftMetaCoderUITests;
			productName = SwiftMetaCoderUITests;
			productReference = AADD9F8D202652F600DF7C72 /* SwiftMetaCoderUITests.xctest */;
			productType = "com.apple.product-type.bundle.ui-testing";
		};
/* End PBXNativeTarget section */

/* Begin PBXProject section */
		AADD9F68202652F500DF7C72 /* Project object */ = {
			isa = PBXProject;
			attributes = {
				LastSwiftUpdateCheck = 0920;
				LastUpgradeCheck = 0920;
				ORGANIZATIONNAME = "Shaheen Ghiassy";
				TargetAttributes = {
					AADD9F6F202652F500DF7C72 = {
						CreatedOnToolsVersion = 9.2;
						ProvisioningStyle = Automatic;
					};
					AADD9F81202652F600DF7C72 = {
						CreatedOnToolsVersion = 9.2;
						ProvisioningStyle = Automatic;
						TestTargetID = AADD9F6F202652F500DF7C72;
					};
					AADD9F8C202652F600DF7C72 = {
						CreatedOnToolsVersion = 9.2;
						ProvisioningStyle = Automatic;
						TestTargetID = AADD9F6F202652F500DF7C72;
					};
				};
			};
			buildConfigurationList = AADD9F6B202652F500DF7C72 /* Build configuration list for PBXProject "SwiftMetaCoder" */;
			compatibilityVersion = "Xcode 8.0";
			developmentRegion = en;
			hasScannedForEncodings = 0;
			knownRegions = (
				en,
				Base,
			);
			mainGroup = AADD9F67202652F500DF7C72;
			productRefGroup = AADD9F71202652F500DF7C72 /* Products */;
			projectDirPath = "";
			projectRoot = "";
			targets = (
				AADD9F6F202652F500DF7C72 /* SwiftMetaCoder */,
				AADD9F81202652F600DF7C72 /* SwiftMetaCoderTests */,
				AADD9F8C202652F600DF7C72 /* SwiftMetaCoderUITests */,
			);
		};
/* End PBXProject section */

/* Begin PBXResourcesBuildPhase section */
		AADD9F6E202652F500DF7C72 /* Resources */ = {
			isa = PBXResourcesBuildPhase;
			buildActionMask = 2147483647;
			files = (
				AADD9F78202652F500DF7C72 /* Assets.xcassets in Resources */,
				AADD9F7B202652F600DF7C72 /* Main.storyboard in Resources */,
			);
			runOnlyForDeploymentPostprocessing = 0;
		};
		AADD9F80202652F600DF7C72 /* Resources */ = {
			isa = PBXResourcesBuildPhase;
			buildActionMask = 2147483647;
			files = (
			);
			runOnlyForDeploymentPostprocessing = 0;
		};
		AADD9F8B202652F600DF7C72 /* Resources */ = {
			isa = PBXResourcesBuildPhase;
			buildActionMask = 2147483647;
			files = (
			);
			runOnlyForDeploymentPostprocessing = 0;
		};
/* End PBXResourcesBuildPhase section */

/* Begin PBXShellScriptBuildPhase section */
		0A88A95ED0D94552AD03DDCD /* [CP] Copy Pods Resources */ = {
			isa = PBXShellScriptBuildPhase;
			buildActionMask = 2147483647;
			files = (
			);
			inputPaths = (
			);
			name = "[CP] Copy Pods Resources";
			outputPaths = (
			);
			runOnlyForDeploymentPostprocessing = 0;
			shellPath = /bin/sh;
			shellScript = "\"${SRCROOT}/Pods/Target Support Files/Pods-SwiftMetaCoderTests/Pods-SwiftMetaCoderTests-resources.sh\"\n";
			showEnvVarsInLog = 0;
		};
		273D2375C35385C67C842DB6 /* [CP] Embed Pods Frameworks */ = {
			isa = PBXShellScriptBuildPhase;
			buildActionMask = 2147483647;
			files = (
			);
			inputPaths = (
			);
			name = "[CP] Embed Pods Frameworks";
			outputPaths = (
			);
			runOnlyForDeploymentPostprocessing = 0;
			shellPath = /bin/sh;
			shellScript = "\"${SRCROOT}/Pods/Target Support Files/Pods-SwiftMetaCoderUITests/Pods-SwiftMetaCoderUITests-frameworks.sh\"\n";
			showEnvVarsInLog = 0;
		};
		4F6FE5365D98958EFADD0B30 /* [CP] Embed Pods Frameworks */ = {
			isa = PBXShellScriptBuildPhase;
			buildActionMask = 2147483647;
			files = (
			);
			inputPaths = (
				"${SRCROOT}/Pods/Target Support Files/Pods-SwiftMetaCoder/Pods-SwiftMetaCoder-frameworks.sh",
				"${BUILT_PRODUCTS_DIR}/PathKit/PathKit.framework",
				"${BUILT_PRODUCTS_DIR}/Stencil/Stencil.framework",
				"${BUILT_PRODUCTS_DIR}/StencilSwiftKit/StencilSwiftKit.framework",
			);
			name = "[CP] Embed Pods Frameworks";
			outputPaths = (
				"${TARGET_BUILD_DIR}/${FRAMEWORKS_FOLDER_PATH}/PathKit.framework",
				"${TARGET_BUILD_DIR}/${FRAMEWORKS_FOLDER_PATH}/Stencil.framework",
				"${TARGET_BUILD_DIR}/${FRAMEWORKS_FOLDER_PATH}/StencilSwiftKit.framework",
			);
			runOnlyForDeploymentPostprocessing = 0;
			shellPath = /bin/sh;
			shellScript = "\"${SRCROOT}/Pods/Target Support Files/Pods-SwiftMetaCoder/Pods-SwiftMetaCoder-frameworks.sh\"\n";
			showEnvVarsInLog = 0;
		};
		927FFA929DAAF5B44457DDEE /* [CP] Copy Pods Resources */ = {
			isa = PBXShellScriptBuildPhase;
			buildActionMask = 2147483647;
			files = (
			);
			inputPaths = (
			);
			name = "[CP] Copy Pods Resources";
			outputPaths = (
			);
			runOnlyForDeploymentPostprocessing = 0;
			shellPath = /bin/sh;
			shellScript = "\"${SRCROOT}/Pods/Target Support Files/Pods-SwiftMetaCoderUITests/Pods-SwiftMetaCoderUITests-resources.sh\"\n";
			showEnvVarsInLog = 0;
		};
		A19F77CC0D27C42D8D40941A /* [CP] Check Pods Manifest.lock */ = {
			isa = PBXShellScriptBuildPhase;
			buildActionMask = 2147483647;
			files = (
			);
			inputPaths = (
				"${PODS_PODFILE_DIR_PATH}/Podfile.lock",
				"${PODS_ROOT}/Manifest.lock",
			);
			name = "[CP] Check Pods Manifest.lock";
			outputPaths = (
				"$(DERIVED_FILE_DIR)/Pods-SwiftMetaCoderTests-checkManifestLockResult.txt",
			);
			runOnlyForDeploymentPostprocessing = 0;
			shellPath = /bin/sh;
			shellScript = "diff \"${PODS_PODFILE_DIR_PATH}/Podfile.lock\" \"${PODS_ROOT}/Manifest.lock\" > /dev/null\nif [ $? != 0 ] ; then\n    # print error to STDERR\n    echo \"error: The sandbox is not in sync with the Podfile.lock. Run 'pod install' or update your CocoaPods installation.\" >&2\n    exit 1\nfi\n# This output is used by Xcode 'outputs' to avoid re-running this script phase.\necho \"SUCCESS\" > \"${SCRIPT_OUTPUT_FILE_0}\"\n";
			showEnvVarsInLog = 0;
		};
		B142FF62A90E8D3D4247357E /* [CP] Embed Pods Frameworks */ = {
			isa = PBXShellScriptBuildPhase;
			buildActionMask = 2147483647;
			files = (
			);
			inputPaths = (
			);
			name = "[CP] Embed Pods Frameworks";
			outputPaths = (
			);
			runOnlyForDeploymentPostprocessing = 0;
			shellPath = /bin/sh;
			shellScript = "\"${SRCROOT}/Pods/Target Support Files/Pods-SwiftMetaCoderTests/Pods-SwiftMetaCoderTests-frameworks.sh\"\n";
			showEnvVarsInLog = 0;
		};
		F08DE874998303AD1B78B60A /* [CP] Copy Pods Resources */ = {
			isa = PBXShellScriptBuildPhase;
			buildActionMask = 2147483647;
			files = (
			);
			inputPaths = (
			);
			name = "[CP] Copy Pods Resources";
			outputPaths = (
			);
			runOnlyForDeploymentPostprocessing = 0;
			shellPath = /bin/sh;
			shellScript = "\"${SRCROOT}/Pods/Target Support Files/Pods-SwiftMetaCoder/Pods-SwiftMetaCoder-resources.sh\"\n";
			showEnvVarsInLog = 0;
		};
		F1A29A346772236D502BB6E0 /* [CP] Check Pods Manifest.lock */ = {
			isa = PBXShellScriptBuildPhase;
			buildActionMask = 2147483647;
			files = (
			);
			inputPaths = (
				"${PODS_PODFILE_DIR_PATH}/Podfile.lock",
				"${PODS_ROOT}/Manifest.lock",
			);
			name = "[CP] Check Pods Manifest.lock";
			outputPaths = (
				"$(DERIVED_FILE_DIR)/Pods-SwiftMetaCoder-checkManifestLockResult.txt",
			);
			runOnlyForDeploymentPostprocessing = 0;
			shellPath = /bin/sh;
			shellScript = "diff \"${PODS_PODFILE_DIR_PATH}/Podfile.lock\" \"${PODS_ROOT}/Manifest.lock\" > /dev/null\nif [ $? != 0 ] ; then\n    # print error to STDERR\n    echo \"error: The sandbox is not in sync with the Podfile.lock. Run 'pod install' or update your CocoaPods installation.\" >&2\n    exit 1\nfi\n# This output is used by Xcode 'outputs' to avoid re-running this script phase.\necho \"SUCCESS\" > \"${SCRIPT_OUTPUT_FILE_0}\"\n";
			showEnvVarsInLog = 0;
		};
		F4A7467317D1A93AB3C54F5C /* [CP] Check Pods Manifest.lock */ = {
			isa = PBXShellScriptBuildPhase;
			buildActionMask = 2147483647;
			files = (
			);
			inputPaths = (
				"${PODS_PODFILE_DIR_PATH}/Podfile.lock",
				"${PODS_ROOT}/Manifest.lock",
			);
			name = "[CP] Check Pods Manifest.lock";
			outputPaths = (
				"$(DERIVED_FILE_DIR)/Pods-SwiftMetaCoderUITests-checkManifestLockResult.txt",
			);
			runOnlyForDeploymentPostprocessing = 0;
			shellPath = /bin/sh;
			shellScript = "diff \"${PODS_PODFILE_DIR_PATH}/Podfile.lock\" \"${PODS_ROOT}/Manifest.lock\" > /dev/null\nif [ $? != 0 ] ; then\n    # print error to STDERR\n    echo \"error: The sandbox is not in sync with the Podfile.lock. Run 'pod install' or update your CocoaPods installation.\" >&2\n    exit 1\nfi\n# This output is used by Xcode 'outputs' to avoid re-running this script phase.\necho \"SUCCESS\" > \"${SCRIPT_OUTPUT_FILE_0}\"\n";
			showEnvVarsInLog = 0;
		};
/* End PBXShellScriptBuildPhase section */

/* Begin PBXSourcesBuildPhase section */
		AADD9F6C202652F500DF7C72 /* Sources */ = {
			isa = PBXSourcesBuildPhase;
			buildActionMask = 2147483647;
			files = (
				AADD9F76202652F500DF7C72 /* ViewController.swift in Sources */,
				AADD9F74202652F500DF7C72 /* AppDelegate.swift in Sources */,
			);
			runOnlyForDeploymentPostprocessing = 0;
		};
		AADD9F7E202652F600DF7C72 /* Sources */ = {
			isa = PBXSourcesBuildPhase;
			buildActionMask = 2147483647;
			files = (
				AADD9F87202652F600DF7C72 /* SwiftMetaCoderTests.swift in Sources */,
			);
			runOnlyForDeploymentPostprocessing = 0;
		};
		AADD9F89202652F600DF7C72 /* Sources */ = {
			isa = PBXSourcesBuildPhase;
			buildActionMask = 2147483647;
			files = (
				AADD9F92202652F600DF7C72 /* SwiftMetaCoderUITests.swift in Sources */,
			);
			runOnlyForDeploymentPostprocessing = 0;
		};
/* End PBXSourcesBuildPhase section */

/* Begin PBXTargetDependency section */
		AADD9F84202652F600DF7C72 /* PBXTargetDependency */ = {
			isa = PBXTargetDependency;
			target = AADD9F6F202652F500DF7C72 /* SwiftMetaCoder */;
			targetProxy = AADD9F83202652F600DF7C72 /* PBXContainerItemProxy */;
		};
		AADD9F8F202652F600DF7C72 /* PBXTargetDependency */ = {
			isa = PBXTargetDependency;
			target = AADD9F6F202652F500DF7C72 /* SwiftMetaCoder */;
			targetProxy = AADD9F8E202652F600DF7C72 /* PBXContainerItemProxy */;
		};
/* End PBXTargetDependency section */

/* Begin PBXVariantGroup section */
		AADD9F79202652F600DF7C72 /* Main.storyboard */ = {
			isa = PBXVariantGroup;
			children = (
				AADD9F7A202652F600DF7C72 /* Base */,
			);
			name = Main.storyboard;
			sourceTree = "<group>";
		};
/* End PBXVariantGroup section */

/* Begin XCBuildConfiguration section */
		AADD9F94202652F600DF7C72 /* Debug */ = {
			isa = XCBuildConfiguration;
			buildSettings = {
				ALWAYS_SEARCH_USER_PATHS = NO;
				CLANG_ANALYZER_NONNULL = YES;
				CLANG_ANALYZER_NUMBER_OBJECT_CONVERSION = YES_AGGRESSIVE;
				CLANG_CXX_LANGUAGE_STANDARD = "gnu++14";
				CLANG_CXX_LIBRARY = "libc++";
				CLANG_ENABLE_MODULES = YES;
				CLANG_ENABLE_OBJC_ARC = YES;
				CLANG_WARN_BLOCK_CAPTURE_AUTORELEASING = YES;
				CLANG_WARN_BOOL_CONVERSION = YES;
				CLANG_WARN_COMMA = YES;
				CLANG_WARN_CONSTANT_CONVERSION = YES;
				CLANG_WARN_DIRECT_OBJC_ISA_USAGE = YES_ERROR;
				CLANG_WARN_DOCUMENTATION_COMMENTS = YES;
				CLANG_WARN_EMPTY_BODY = YES;
				CLANG_WARN_ENUM_CONVERSION = YES;
				CLANG_WARN_INFINITE_RECURSION = YES;
				CLANG_WARN_INT_CONVERSION = YES;
				CLANG_WARN_NON_LITERAL_NULL_CONVERSION = YES;
				CLANG_WARN_OBJC_LITERAL_CONVERSION = YES;
				CLANG_WARN_OBJC_ROOT_CLASS = YES_ERROR;
				CLANG_WARN_RANGE_LOOP_ANALYSIS = YES;
				CLANG_WARN_STRICT_PROTOTYPES = YES;
				CLANG_WARN_SUSPICIOUS_MOVE = YES;
				CLANG_WARN_UNGUARDED_AVAILABILITY = YES_AGGRESSIVE;
				CLANG_WARN_UNREACHABLE_CODE = YES;
				CLANG_WARN__DUPLICATE_METHOD_MATCH = YES;
				CODE_SIGN_IDENTITY = "Mac Developer";
				COPY_PHASE_STRIP = NO;
				DEBUG_INFORMATION_FORMAT = dwarf;
				ENABLE_STRICT_OBJC_MSGSEND = YES;
				ENABLE_TESTABILITY = YES;
				GCC_C_LANGUAGE_STANDARD = gnu11;
				GCC_DYNAMIC_NO_PIC = NO;
				GCC_NO_COMMON_BLOCKS = YES;
				GCC_OPTIMIZATION_LEVEL = 0;
				GCC_PREPROCESSOR_DEFINITIONS = (
					"DEBUG=1",
					"$(inherited)",
				);
				GCC_WARN_64_TO_32_BIT_CONVERSION = YES;
				GCC_WARN_ABOUT_RETURN_TYPE = YES_ERROR;
				GCC_WARN_UNDECLARED_SELECTOR = YES;
				GCC_WARN_UNINITIALIZED_AUTOS = YES_AGGRESSIVE;
				GCC_WARN_UNUSED_FUNCTION = YES;
				GCC_WARN_UNUSED_VARIABLE = YES;
				MACOSX_DEPLOYMENT_TARGET = 10.13;
				MTL_ENABLE_DEBUG_INFO = YES;
				ONLY_ACTIVE_ARCH = YES;
				SDKROOT = macosx;
				SWIFT_ACTIVE_COMPILATION_CONDITIONS = DEBUG;
				SWIFT_OPTIMIZATION_LEVEL = "-Onone";
			};
			name = Debug;
		};
		AADD9F95202652F600DF7C72 /* Release */ = {
			isa = XCBuildConfiguration;
			buildSettings = {
				ALWAYS_SEARCH_USER_PATHS = NO;
				CLANG_ANALYZER_NONNULL = YES;
				CLANG_ANALYZER_NUMBER_OBJECT_CONVERSION = YES_AGGRESSIVE;
				CLANG_CXX_LANGUAGE_STANDARD = "gnu++14";
				CLANG_CXX_LIBRARY = "libc++";
				CLANG_ENABLE_MODULES = YES;
				CLANG_ENABLE_OBJC_ARC = YES;
				CLANG_WARN_BLOCK_CAPTURE_AUTORELEASING = YES;
				CLANG_WARN_BOOL_CONVERSION = YES;
				CLANG_WARN_COMMA = YES;
				CLANG_WARN_CONSTANT_CONVERSION = YES;
				CLANG_WARN_DIRECT_OBJC_ISA_USAGE = YES_ERROR;
				CLANG_WARN_DOCUMENTATION_COMMENTS = YES;
				CLANG_WARN_EMPTY_BODY = YES;
				CLANG_WARN_ENUM_CONVERSION = YES;
				CLANG_WARN_INFINITE_RECURSION = YES;
				CLANG_WARN_INT_CONVERSION = YES;
				CLANG_WARN_NON_LITERAL_NULL_CONVERSION = YES;
				CLANG_WARN_OBJC_LITERAL_CONVERSION = YES;
				CLANG_WARN_OBJC_ROOT_CLASS = YES_ERROR;
				CLANG_WARN_RANGE_LOOP_ANALYSIS = YES;
				CLANG_WARN_STRICT_PROTOTYPES = YES;
				CLANG_WARN_SUSPICIOUS_MOVE = YES;
				CLANG_WARN_UNGUARDED_AVAILABILITY = YES_AGGRESSIVE;
				CLANG_WARN_UNREACHABLE_CODE = YES;
				CLANG_WARN__DUPLICATE_METHOD_MATCH = YES;
				CODE_SIGN_IDENTITY = "Mac Developer";
				COPY_PHASE_STRIP = NO;
				DEBUG_INFORMATION_FORMAT = "dwarf-with-dsym";
				ENABLE_NS_ASSERTIONS = NO;
				ENABLE_STRICT_OBJC_MSGSEND = YES;
				GCC_C_LANGUAGE_STANDARD = gnu11;
				GCC_NO_COMMON_BLOCKS = YES;
				GCC_WARN_64_TO_32_BIT_CONVERSION = YES;
				GCC_WARN_ABOUT_RETURN_TYPE = YES_ERROR;
				GCC_WARN_UNDECLARED_SELECTOR = YES;
				GCC_WARN_UNINITIALIZED_AUTOS = YES_AGGRESSIVE;
				GCC_WARN_UNUSED_FUNCTION = YES;
				GCC_WARN_UNUSED_VARIABLE = YES;
				MACOSX_DEPLOYMENT_TARGET = 10.13;
				MTL_ENABLE_DEBUG_INFO = NO;
				SDKROOT = macosx;
				SWIFT_OPTIMIZATION_LEVEL = "-Owholemodule";
			};
			name = Release;
		};
		AADD9F97202652F600DF7C72 /* Debug */ = {
			isa = XCBuildConfiguration;
			baseConfigurationReference = 06B9D6E488E517ADE320452C /* Pods-SwiftMetaCoder.debug.xcconfig */;
			buildSettings = {
				ASSETCATALOG_COMPILER_APPICON_NAME = AppIcon;
				CODE_SIGN_ENTITLEMENTS = SwiftMetaCoder/SwiftMetaCoder.entitlements;
				CODE_SIGN_STYLE = Automatic;
				COMBINE_HIDPI_IMAGES = YES;
				DEVELOPMENT_TEAM = D69WEANLKK;
				INFOPLIST_FILE = SwiftMetaCoder/Info.plist;
				LD_RUNPATH_SEARCH_PATHS = "$(inherited) @executable_path/../Frameworks";
				PRODUCT_BUNDLE_IDENTIFIER = ghiassy.SwiftMetaCoder;
				PRODUCT_NAME = "$(TARGET_NAME)";
				SWIFT_VERSION = 4.0;
			};
			name = Debug;
		};
		AADD9F98202652F600DF7C72 /* Release */ = {
			isa = XCBuildConfiguration;
			baseConfigurationReference = 947F7540E18BB2E073D1D0B4 /* Pods-SwiftMetaCoder.release.xcconfig */;
			buildSettings = {
				ASSETCATALOG_COMPILER_APPICON_NAME = AppIcon;
				CODE_SIGN_ENTITLEMENTS = SwiftMetaCoder/SwiftMetaCoder.entitlements;
				CODE_SIGN_STYLE = Automatic;
				COMBINE_HIDPI_IMAGES = YES;
				DEVELOPMENT_TEAM = D69WEANLKK;
				INFOPLIST_FILE = SwiftMetaCoder/Info.plist;
				LD_RUNPATH_SEARCH_PATHS = "$(inherited) @executable_path/../Frameworks";
				PRODUCT_BUNDLE_IDENTIFIER = ghiassy.SwiftMetaCoder;
				PRODUCT_NAME = "$(TARGET_NAME)";
				SWIFT_VERSION = 4.0;
			};
			name = Release;
		};
		AADD9F9A202652F600DF7C72 /* Debug */ = {
			isa = XCBuildConfiguration;
			baseConfigurationReference = 9F7EB37FDFF354A65D8A80B7 /* Pods-SwiftMetaCoderTests.debug.xcconfig */;
			buildSettings = {
				ALWAYS_EMBED_SWIFT_STANDARD_LIBRARIES = YES;
				BUNDLE_LOADER = "$(TEST_HOST)";
				CODE_SIGN_STYLE = Automatic;
				COMBINE_HIDPI_IMAGES = YES;
				DEVELOPMENT_TEAM = D69WEANLKK;
				INFOPLIST_FILE = SwiftMetaCoderTests/Info.plist;
				LD_RUNPATH_SEARCH_PATHS = "$(inherited) @executable_path/../Frameworks @loader_path/../Frameworks";
				PRODUCT_BUNDLE_IDENTIFIER = ghiassy.SwiftMetaCoderTests;
				PRODUCT_NAME = "$(TARGET_NAME)";
				SWIFT_VERSION = 4.0;
				TEST_HOST = "$(BUILT_PRODUCTS_DIR)/SwiftMetaCoder.app/Contents/MacOS/SwiftMetaCoder";
			};
			name = Debug;
		};
		AADD9F9B202652F600DF7C72 /* Release */ = {
			isa = XCBuildConfiguration;
			baseConfigurationReference = B36C0FA30E9A40933292CAB1 /* Pods-SwiftMetaCoderTests.release.xcconfig */;
			buildSettings = {
				ALWAYS_EMBED_SWIFT_STANDARD_LIBRARIES = YES;
				BUNDLE_LOADER = "$(TEST_HOST)";
				CODE_SIGN_STYLE = Automatic;
				COMBINE_HIDPI_IMAGES = YES;
				DEVELOPMENT_TEAM = D69WEANLKK;
				INFOPLIST_FILE = SwiftMetaCoderTests/Info.plist;
				LD_RUNPATH_SEARCH_PATHS = "$(inherited) @executable_path/../Frameworks @loader_path/../Frameworks";
				PRODUCT_BUNDLE_IDENTIFIER = ghiassy.SwiftMetaCoderTests;
				PRODUCT_NAME = "$(TARGET_NAME)";
				SWIFT_VERSION = 4.0;
				TEST_HOST = "$(BUILT_PRODUCTS_DIR)/SwiftMetaCoder.app/Contents/MacOS/SwiftMetaCoder";
			};
			name = Release;
		};
		AADD9F9D202652F600DF7C72 /* Debug */ = {
			isa = XCBuildConfiguration;
			baseConfigurationReference = D478D6166874B8A98733E44C /* Pods-SwiftMetaCoderUITests.debug.xcconfig */;
			buildSettings = {
				ALWAYS_EMBED_SWIFT_STANDARD_LIBRARIES = YES;
				CODE_SIGN_STYLE = Automatic;
				COMBINE_HIDPI_IMAGES = YES;
				DEVELOPMENT_TEAM = D69WEANLKK;
				INFOPLIST_FILE = SwiftMetaCoderUITests/Info.plist;
				LD_RUNPATH_SEARCH_PATHS = "$(inherited) @executable_path/../Frameworks @loader_path/../Frameworks";
				PRODUCT_BUNDLE_IDENTIFIER = ghiassy.SwiftMetaCoderUITests;
				PRODUCT_NAME = "$(TARGET_NAME)";
				SWIFT_VERSION = 4.0;
				TEST_TARGET_NAME = SwiftMetaCoder;
			};
			name = Debug;
		};
		AADD9F9E202652F600DF7C72 /* Release */ = {
			isa = XCBuildConfiguration;
			baseConfigurationReference = BE0C401E5EBFE78D8DBBF5AB /* Pods-SwiftMetaCoderUITests.release.xcconfig */;
			buildSettings = {
				ALWAYS_EMBED_SWIFT_STANDARD_LIBRARIES = YES;
				CODE_SIGN_STYLE = Automatic;
				COMBINE_HIDPI_IMAGES = YES;
				DEVELOPMENT_TEAM = D69WEANLKK;
				INFOPLIST_FILE = SwiftMetaCoderUITests/Info.plist;
				LD_RUNPATH_SEARCH_PATHS = "$(inherited) @executable_path/../Frameworks @loader_path/../Frameworks";
				PRODUCT_BUNDLE_IDENTIFIER = ghiassy.SwiftMetaCoderUITests;
				PRODUCT_NAME = "$(TARGET_NAME)";
				SWIFT_VERSION = 4.0;
				TEST_TARGET_NAME = SwiftMetaCoder;
			};
			name = Release;
		};
/* End XCBuildConfiguration section */

/* Begin XCConfigurationList section */
		AADD9F6B202652F500DF7C72 /* Build configuration list for PBXProject "SwiftMetaCoder" */ = {
			isa = XCConfigurationList;
			buildConfigurations = (
				AADD9F94202652F600DF7C72 /* Debug */,
				AADD9F95202652F600DF7C72 /* Release */,
			);
			defaultConfigurationIsVisible = 0;
			defaultConfigurationName = Release;
		};
		AADD9F96202652F600DF7C72 /* Build configuration list for PBXNativeTarget "SwiftMetaCoder" */ = {
			isa = XCConfigurationList;
			buildConfigurations = (
				AADD9F97202652F600DF7C72 /* Debug */,
				AADD9F98202652F600DF7C72 /* Release */,
			);
			defaultConfigurationIsVisible = 0;
			defaultConfigurationName = Release;
		};
		AADD9F99202652F600DF7C72 /* Build configuration list for PBXNativeTarget "SwiftMetaCoderTests" */ = {
			isa = XCConfigurationList;
			buildConfigurations = (
				AADD9F9A202652F600DF7C72 /* Debug */,
				AADD9F9B202652F600DF7C72 /* Release */,
			);
			defaultConfigurationIsVisible = 0;
			defaultConfigurationName = Release;
		};
		AADD9F9C202652F600DF7C72 /* Build configuration list for PBXNativeTarget "SwiftMetaCoderUITests" */ = {
			isa = XCConfigurationList;
			buildConfigurations = (
				AADD9F9D202652F600DF7C72 /* Debug */,
				AADD9F9E202652F600DF7C72 /* Release */,
			);
			defaultConfigurationIsVisible = 0;
			defaultConfigurationName = Release;
		};
/* End XCConfigurationList section */
	};
	rootObject = AADD9F68202652F500DF7C72 /* Project object */;
}
